// !$*UTF8*$!
{
	archiveVersion = 1;
	classes = {
	};
	objectVersion = 46;
	objects = {

/* Begin PBXBuildFile section */
		079499B81599B81E0047C9F0 /* server in Resources */ = {isa = PBXBuildFile; fileRef = 079499B71599B81E0047C9F0 /* server */; };
		079499BC1599B99E0047C9F0 /* JS2ObjC.m in Sources */ = {isa = PBXBuildFile; fileRef = 079499BB1599B8420047C9F0 /* JS2ObjC.m */; };
		07B473E91599AB5100E721F9 /* UIKit.framework in Frameworks */ = {isa = PBXBuildFile; fileRef = 07B473E81599AB5100E721F9 /* UIKit.framework */; };
		07B473EB1599AB5100E721F9 /* Foundation.framework in Frameworks */ = {isa = PBXBuildFile; fileRef = 07B473EA1599AB5100E721F9 /* Foundation.framework */; };
		07B473ED1599AB5100E721F9 /* CoreGraphics.framework in Frameworks */ = {isa = PBXBuildFile; fileRef = 07B473EC1599AB5100E721F9 /* CoreGraphics.framework */; };
		07B473F31599AB5100E721F9 /* InfoPlist.strings in Resources */ = {isa = PBXBuildFile; fileRef = 07B473F11599AB5100E721F9 /* InfoPlist.strings */; };
		07B473F51599AB5100E721F9 /* main.m in Sources */ = {isa = PBXBuildFile; fileRef = 07B473F41599AB5100E721F9 /* main.m */; };
		07B473F91599AB5100E721F9 /* AppDelegate.m in Sources */ = {isa = PBXBuildFile; fileRef = 07B473F81599AB5100E721F9 /* AppDelegate.m */; };
		07B474031599AB8200E721F9 /* RootViewController.m in Sources */ = {isa = PBXBuildFile; fileRef = 07B474021599AB8200E721F9 /* RootViewController.m */; };
/* End PBXBuildFile section */

/* Begin PBXFileReference section */
		079499B71599B81E0047C9F0 /* server */ = {isa = PBXFileReference; lastKnownFileType = folder; path = server; sourceTree = "<group>"; };
		079499BA1599B8420047C9F0 /* JS2ObjC.h */ = {isa = PBXFileReference; lastKnownFileType = sourcecode.c.h; name = JS2ObjC.h; path = ../../JS2ObjC.h; sourceTree = "<group>"; };
		079499BB1599B8420047C9F0 /* JS2ObjC.m */ = {isa = PBXFileReference; lastKnownFileType = sourcecode.c.objc; name = JS2ObjC.m; path = ../../JS2ObjC.m; sourceTree = "<group>"; };
		07B473E41599AB5100E721F9 /* HelloWorld.app */ = {isa = PBXFileReference; explicitFileType = wrapper.application; includeInIndex = 0; path = HelloWorld.app; sourceTree = BUILT_PRODUCTS_DIR; };
		07B473E81599AB5100E721F9 /* UIKit.framework */ = {isa = PBXFileReference; lastKnownFileType = wrapper.framework; name = UIKit.framework; path = System/Library/Frameworks/UIKit.framework; sourceTree = SDKROOT; };
		07B473EA1599AB5100E721F9 /* Foundation.framework */ = {isa = PBXFileReference; lastKnownFileType = wrapper.framework; name = Foundation.framework; path = System/Library/Frameworks/Foundation.framework; sourceTree = SDKROOT; };
		07B473EC1599AB5100E721F9 /* CoreGraphics.framework */ = {isa = PBXFileReference; lastKnownFileType = wrapper.framework; name = CoreGraphics.framework; path = System/Library/Frameworks/CoreGraphics.framework; sourceTree = SDKROOT; };
		07B473F01599AB5100E721F9 /* HelloWorld-Info.plist */ = {isa = PBXFileReference; lastKnownFileType = text.plist.xml; path = "HelloWorld-Info.plist"; sourceTree = "<group>"; };
		07B473F21599AB5100E721F9 /* en */ = {isa = PBXFileReference; lastKnownFileType = text.plist.strings; name = en; path = en.lproj/InfoPlist.strings; sourceTree = "<group>"; };
		07B473F41599AB5100E721F9 /* main.m */ = {isa = PBXFileReference; lastKnownFileType = sourcecode.c.objc; path = main.m; sourceTree = "<group>"; };
		07B473F61599AB5100E721F9 /* HelloWorld-Prefix.pch */ = {isa = PBXFileReference; lastKnownFileType = sourcecode.c.h; path = "HelloWorld-Prefix.pch"; sourceTree = "<group>"; };
		07B473F71599AB5100E721F9 /* AppDelegate.h */ = {isa = PBXFileReference; lastKnownFileType = sourcecode.c.h; path = AppDelegate.h; sourceTree = "<group>"; };
		07B473F81599AB5100E721F9 /* AppDelegate.m */ = {isa = PBXFileReference; lastKnownFileType = sourcecode.c.objc; path = AppDelegate.m; sourceTree = "<group>"; };
		07B474011599AB8200E721F9 /* RootViewController.h */ = {isa = PBXFileReference; fileEncoding = 4; lastKnownFileType = sourcecode.c.h; path = RootViewController.h; sourceTree = "<group>"; };
		07B474021599AB8200E721F9 /* RootViewController.m */ = {isa = PBXFileReference; fileEncoding = 4; lastKnownFileType = sourcecode.c.objc; path = RootViewController.m; sourceTree = "<group>"; };
/* End PBXFileReference section */

/* Begin PBXFrameworksBuildPhase section */
		07B473E11599AB5100E721F9 /* Frameworks */ = {
			isa = PBXFrameworksBuildPhase;
			buildActionMask = 2147483647;
			files = (
				07B473E91599AB5100E721F9 /* UIKit.framework in Frameworks */,
				07B473EB1599AB5100E721F9 /* Foundation.framework in Frameworks */,
				07B473ED1599AB5100E721F9 /* CoreGraphics.framework in Frameworks */,
			);
			runOnlyForDeploymentPostprocessing = 0;
		};
/* End PBXFrameworksBuildPhase section */

/* Begin PBXGroup section */
		07B473D91599AB5100E721F9 = {
			isa = PBXGroup;
			children = (
				079499BA1599B8420047C9F0 /* JS2ObjC.h */,
				079499BB1599B8420047C9F0 /* JS2ObjC.m */,
				079499B71599B81E0047C9F0 /* server */,
				07B473EE1599AB5100E721F9 /* JS2ObjCSample */,
				07B473E71599AB5100E721F9 /* Frameworks */,
				07B473E51599AB5100E721F9 /* Products */,
			);
			indentWidth = 4;
			sourceTree = "<group>";
			tabWidth = 4;
		};
		07B473E51599AB5100E721F9 /* Products */ = {
			isa = PBXGroup;
			children = (
				07B473E41599AB5100E721F9 /* HelloWorld.app */,
			);
			name = Products;
			sourceTree = "<group>";
		};
		07B473E71599AB5100E721F9 /* Frameworks */ = {
			isa = PBXGroup;
			children = (
				07B473E81599AB5100E721F9 /* UIKit.framework */,
				07B473EA1599AB5100E721F9 /* Foundation.framework */,
				07B473EC1599AB5100E721F9 /* CoreGraphics.framework */,
			);
			name = Frameworks;
			sourceTree = "<group>";
		};
		07B473EE1599AB5100E721F9 /* JS2ObjCSample */ = {
			isa = PBXGroup;
			children = (
				07B473F71599AB5100E721F9 /* AppDelegate.h */,
				07B473F81599AB5100E721F9 /* AppDelegate.m */,
				07B474011599AB8200E721F9 /* RootViewController.h */,
				07B474021599AB8200E721F9 /* RootViewController.m */,
				07B473EF1599AB5100E721F9 /* Supporting Files */,
			);
			path = JS2ObjCSample;
			sourceTree = "<group>";
		};
		07B473EF1599AB5100E721F9 /* Supporting Files */ = {
			isa = PBXGroup;
			children = (
				07B473F01599AB5100E721F9 /* HelloWorld-Info.plist */,
				07B473F11599AB5100E721F9 /* InfoPlist.strings */,
				07B473F41599AB5100E721F9 /* main.m */,
				07B473F61599AB5100E721F9 /* HelloWorld-Prefix.pch */,
			);
			name = "Supporting Files";
			sourceTree = "<group>";
		};
/* End PBXGroup section */

/* Begin PBXNativeTarget section */
		07B473E31599AB5100E721F9 /* HelloWorld */ = {
			isa = PBXNativeTarget;
			buildConfigurationList = 07B473FC1599AB5100E721F9 /* Build configuration list for PBXNativeTarget "HelloWorld" */;
			buildPhases = (
				07B473E01599AB5100E721F9 /* Sources */,
				07B473E11599AB5100E721F9 /* Frameworks */,
				07B473E21599AB5100E721F9 /* Resources */,
			);
			buildRules = (
			);
			dependencies = (
			);
			name = HelloWorld;
			productName = JS2ObjCSample;
			productReference = 07B473E41599AB5100E721F9 /* HelloWorld.app */;
			productType = "com.apple.product-type.application";
		};
/* End PBXNativeTarget section */

/* Begin PBXProject section */
		07B473DB1599AB5100E721F9 /* Project object */ = {
			isa = PBXProject;
			attributes = {
				LastUpgradeCheck = 0430;
			};
			buildConfigurationList = 07B473DE1599AB5100E721F9 /* Build configuration list for PBXProject "HelloWorld" */;
			compatibilityVersion = "Xcode 3.2";
			developmentRegion = English;
			hasScannedForEncodings = 0;
			knownRegions = (
				en,
			);
			mainGroup = 07B473D91599AB5100E721F9;
			productRefGroup = 07B473E51599AB5100E721F9 /* Products */;
			projectDirPath = "";
			projectRoot = "";
			targets = (
				07B473E31599AB5100E721F9 /* HelloWorld */,
			);
		};
/* End PBXProject section */

/* Begin PBXResourcesBuildPhase section */
		07B473E21599AB5100E721F9 /* Resources */ = {
			isa = PBXResourcesBuildPhase;
			buildActionMask = 2147483647;
			files = (
				07B473F31599AB5100E721F9 /* InfoPlist.strings in Resources */,
				079499B81599B81E0047C9F0 /* server in Resources */,
			);
			runOnlyForDeploymentPostprocessing = 0;
		};
/* End PBXResourcesBuildPhase section */

/* Begin PBXSourcesBuildPhase section */
		07B473E01599AB5100E721F9 /* Sources */ = {
			isa = PBXSourcesBuildPhase;
			buildActionMask = 2147483647;
			files = (
				079499BC1599B99E0047C9F0 /* JS2ObjC.m in Sources */,
				07B473F51599AB5100E721F9 /* main.m in Sources */,
				07B473F91599AB5100E721F9 /* AppDelegate.m in Sources */,
				07B474031599AB8200E721F9 /* RootViewController.m in Sources */,
			);
			runOnlyForDeploymentPostprocessing = 0;
		};
/* End PBXSourcesBuildPhase section */

/* Begin PBXVariantGroup section */
		07B473F11599AB5100E721F9 /* InfoPlist.strings */ = {
			isa = PBXVariantGroup;
			children = (
				07B473F21599AB5100E721F9 /* en */,
			);
			name = InfoPlist.strings;
			sourceTree = "<group>";
		};
/* End PBXVariantGroup section */

/* Begin XCBuildConfiguration section */
		07B473FA1599AB5100E721F9 /* Debug */ = {
			isa = XCBuildConfiguration;
			buildSettings = {
				ALWAYS_SEARCH_USER_PATHS = NO;
				ARCHS = "$(ARCHS_STANDARD_32_BIT)";
				CLANG_ENABLE_OBJC_ARC = YES;
				"CODE_SIGN_IDENTITY[sdk=iphoneos*]" = "iPhone Developer";
				COPY_PHASE_STRIP = NO;
				GCC_C_LANGUAGE_STANDARD = gnu99;
				GCC_DYNAMIC_NO_PIC = NO;
				GCC_OPTIMIZATION_LEVEL = 0;
				GCC_PREPROCESSOR_DEFINITIONS = (
					"DEBUG=1",
					"$(inherited)",
				);
				GCC_SYMBOLS_PRIVATE_EXTERN = NO;
				GCC_VERSION = com.apple.compilers.llvm.clang.1_0;
				GCC_WARN_ABOUT_RETURN_TYPE = YES;
				GCC_WARN_UNINITIALIZED_AUTOS = YES;
				GCC_WARN_UNUSED_VARIABLE = YES;
				IPHONEOS_DEPLOYMENT_TARGET = 5.1;
				SDKROOT = iphoneos;
			};
			name = Debug;
		};
		07B473FB1599AB5100E721F9 /* Release */ = {
			isa = XCBuildConfiguration;
			buildSettings = {
				ALWAYS_SEARCH_USER_PATHS = NO;
				ARCHS = "$(ARCHS_STANDARD_32_BIT)";
				CLANG_ENABLE_OBJC_ARC = YES;
				"CODE_SIGN_IDENTITY[sdk=iphoneos*]" = "iPhone Developer";
				COPY_PHASE_STRIP = YES;
				GCC_C_LANGUAGE_STANDARD = gnu99;
				GCC_VERSION = com.apple.compilers.llvm.clang.1_0;
				GCC_WARN_ABOUT_RETURN_TYPE = YES;
				GCC_WARN_UNINITIALIZED_AUTOS = YES;
				GCC_WARN_UNUSED_VARIABLE = YES;
				IPHONEOS_DEPLOYMENT_TARGET = 5.1;
				OTHER_CFLAGS = "-DNS_BLOCK_ASSERTIONS=1";
				SDKROOT = iphoneos;
				VALIDATE_PRODUCT = YES;
			};
			name = Release;
		};
		07B473FD1599AB5100E721F9 /* Debug */ = {
			isa = XCBuildConfiguration;
			buildSettings = {
				FRAMEWORK_SEARCH_PATHS = (
					"$(inherited)",
					/Volumes/HDD/Users/kstg/src/JS2ObjC,
				);
				GCC_PRECOMPILE_PREFIX_HEADER = YES;
				GCC_PREFIX_HEADER = "JS2ObjCSample/HelloWorld-Prefix.pch";
				INFOPLIST_FILE = "JS2ObjCSample/HelloWorld-Info.plist";
				PRODUCT_NAME = HelloWorld;
				WRAPPER_EXTENSION = app;
			};
			name = Debug;
		};
		07B473FE1599AB5100E721F9 /* Release */ = {
			isa = XCBuildConfiguration;
			buildSettings = {
				FRAMEWORK_SEARCH_PATHS = (
					"$(inherited)",
					/Volumes/HDD/Users/kstg/src/JS2ObjC,
				);
				GCC_PRECOMPILE_PREFIX_HEADER = YES;
				GCC_PREFIX_HEADER = "JS2ObjCSample/HelloWorld-Prefix.pch";
				INFOPLIST_FILE = "JS2ObjCSample/HelloWorld-Info.plist";
				PRODUCT_NAME = HelloWorld;
				WRAPPER_EXTENSION = app;
			};
			name = Release;
		};
/* End XCBuildConfiguration section */

/* Begin XCConfigurationList section */
		07B473DE1599AB5100E721F9 /* Build configuration list for PBXProject "HelloWorld" */ = {
			isa = XCConfigurationList;
			buildConfigurations = (
				07B473FA1599AB5100E721F9 /* Debug */,
				07B473FB1599AB5100E721F9 /* Release */,
			);
			defaultConfigurationIsVisible = 0;
			defaultConfigurationName = Release;
		};
		07B473FC1599AB5100E721F9 /* Build configuration list for PBXNativeTarget "HelloWorld" */ = {
			isa = XCConfigurationList;
			buildConfigurations = (
				07B473FD1599AB5100E721F9 /* Debug */,
				07B473FE1599AB5100E721F9 /* Release */,
			);
			defaultConfigurationIsVisible = 0;
			defaultConfigurationName = Release;
		};
/* End XCConfigurationList section */
	};
	rootObject = 07B473DB1599AB5100E721F9 /* Project object */;
}
